{"is_source_file": false, "format": "", "description": "", "external_files": [], "external_methods": [], "published": [], "classes": [], "methods": [], "calls": [], "search-terms": [], "state": 2, "file_id": 17, "knowledge_revision": 31, "git_revision": "8070f9e2127935fa1226637ca8bfbd940cdc884c", "hash": "9c4ed7ef73e22b872b8055bec08b8979", "format-version": 4, "code-base-name": "default", "filename": "youthsync_suite/post_process_status.lock", "revision_history": [{"31": "8070f9e2127935fa1226637ca8bfbd940cdc884c"}]}