{"is_source_file": false, "format": "", "description": "", "external_files": [], "external_methods": [], "published": [], "classes": [], "methods": [], "calls": [], "search-terms": [], "state": 2, "file_id": 11, "knowledge_revision": 26, "git_revision": "d69703ddd4fc493db869d5d55e0b22c3accb177e", "hash": "9c4ed7ef73e22b872b8055bec08b8979", "format-version": 4, "code-base-name": "default", "filename": "youthsync_suite/post_process_status.lock", "revision_history": [{"26": "d69703ddd4fc493db869d5d55e0b22c3accb177e"}]}