{"is_source_file": true, "file_id": 18, "git_revision": "49e30184c88c4b9b596449790487ce1bd47838fc", "state": 1, "description": "", "external_files": [], "external_methods": [], "published": [], "classes": [], "methods": [], "calls": [], "search-terms": [], "hash": "e9b4c3b42cef0193b7fddb548d37e652", "format-version": 4, "code-base-name": "default", "filename": "youthsync_suite/post_process_status.lock", "knowledge_revision": 36}